
Microsoft Visual Studio Solution File, Format Version 12.00
# Visual Studio Version 17
VisualStudioVersion = 17.0.31903.59
MinimumVisualStudioVersion = 10.0.40219.1
Project("{9A19103F-16F7-4668-BE54-9A1E7A4F7556}") = "KristofferStrube.Blazor.FileAPI", "src\KristofferStrube.Blazor.FileAPI\KristofferStrube.Blazor.FileAPI.csproj", "{EE9E23DC-B900-4EA0-9F06-A190661AFE6D}"
EndProject
Project("{9A19103F-16F7-4668-BE54-9A1E7A4F7556}") = "KristofferStrube.Blazor.FileAPI.WasmExample", "samples\KristofferStrube.Blazor.FileAPI.WasmExample\KristofferStrube.Blazor.FileAPI.WasmExample.csproj", "{65487B6C-BBC4-4D28-BA0A-4A0766B1099F}"
EndProject
Global
	GlobalSection(SolutionConfigurationPlatforms) = preSolution
		Debug|Any CPU = Debug|Any CPU
		Release|Any CPU = Release|Any CPU
	EndGlobalSection
	GlobalSection(ProjectConfigurationPlatforms) = postSolution
		{EE9E23DC-B900-4EA0-9F06-A190661AFE6D}.Debug|Any CPU.ActiveCfg = Debug|Any CPU
		{EE9E23DC-B900-4EA0-9F06-A190661AFE6D}.Debug|Any CPU.Build.0 = Debug|Any CPU
		{EE9E23DC-B900-4EA0-9F06-A190661AFE6D}.Release|Any CPU.ActiveCfg = Release|Any CPU
		{EE9E23DC-B900-4EA0-9F06-A190661AFE6D}.Release|Any CPU.Build.0 = Release|Any CPU
		{65487B6C-BBC4-4D28-BA0A-4A0766B1099F}.Debug|Any CPU.ActiveCfg = Debug|Any CPU
		{65487B6C-BBC4-4D28-BA0A-4A0766B1099F}.Debug|Any CPU.Build.0 = Debug|Any CPU
		{65487B6C-BBC4-4D28-BA0A-4A0766B1099F}.Release|Any CPU.ActiveCfg = Release|Any CPU
		{65487B6C-BBC4-4D28-BA0A-4A0766B1099F}.Release|Any CPU.Build.0 = Release|Any CPU
	EndGlobalSection
	GlobalSection(SolutionProperties) = preSolution
		HideSolutionNode = FALSE
	EndGlobalSection
	GlobalSection(ExtensibilityGlobals) = postSolution
		SolutionGuid = {28DB186E-F7B5-4BED-BA05-1C4311AD56B1}
	EndGlobalSection
EndGlobal
